// !$*UTF8*$!
{
	archiveVersion = 1;
	classes = {
	};
	objectVersion = 77;
	objects = {

/* Begin PBXContainerItemProxy section */
		B08688D52D1949A900E41ADA /* PBXContainerItemProxy */ = {
			isa = PBXContainerItemProxy;
			containerPortal = B08688BB2D1949A700E41ADA /* Project object */;
			proxyType = 1;
			remoteGlobalIDString = B08688C22D1949A700E41ADA;
			remoteInfo = MouseTimer2;
		};
		B08688DF2D1949A900E41ADA /* PBXContainerItemProxy */ = {
			isa = PBXContainerItemProxy;
			containerPortal = B08688BB2D1949A700E41ADA /* Project object */;
			proxyType = 1;
			remoteGlobalIDString = B08688C22D1949A700E41ADA;
			remoteInfo = MouseTimer2;
		};
/* End PBXContainerItemProxy section */

/* Begin PBXFileReference section */
		B08688C32D1949A700E41ADA /* MouseTimer2.app */ = {isa = PBXFileReference; explicitFileType = wrapper.application; includeInIndex = 0; path = MouseTimer2.app; sourceTree = BUILT_PRODUCTS_DIR; };
		B08688D42D1949A900E41ADA /* MouseTimer2Tests.xctest */ = {isa = PBXFileReference; explicitFileType = wrapper.cfbundle; includeInIndex = 0; path = MouseTimer2Tests.xctest; sourceTree = BUILT_PRODUCTS_DIR; };
		B08688DE2D1949A900E41ADA /* MouseTimer2UITests.xctest */ = {isa = PBXFileReference; explicitFileType = wrapper.cfbundle; includeInIndex = 0; path = MouseTimer2UITests.xctest; sourceTree = BUILT_PRODUCTS_DIR; };
/* End PBXFileReference section */

/* Begin PBXFileSystemSynchronizedRootGroup section */
		B08688C52D1949A700E41ADA /* MouseTimer2 */ = {
			isa = PBXFileSystemSynchronizedRootGroup;
			path = MouseTimer2;
			sourceTree = "<group>";
		};
		B08688D72D1949A900E41ADA /* MouseTimer2Tests */ = {
			isa = PBXFileSystemSynchronizedRootGroup;
			path = MouseTimer2Tests;
			sourceTree = "<group>";
		};
		B08688E12D1949A900E41ADA /* MouseTimer2UITests */ = {
			isa = PBXFileSystemSynchronizedRootGroup;
			path = MouseTimer2UITests;
			sourceTree = "<group>";
		};
/* End PBXFileSystemSynchronizedRootGroup section */

/* Begin PBXFrameworksBuildPhase section */
		B08688C02D1949A700E41ADA /* Frameworks */ = {
			isa = PBXFrameworksBuildPhase;
			buildActionMask = 2147483647;
			files = (
			);
			runOnlyForDeploymentPostprocessing = 0;
		};
		B08688D12D1949A900E41ADA /* Frameworks */ = {
			isa = PBXFrameworksBuildPhase;
			buildActionMask = 2147483647;
			files = (
			);
			runOnlyForDeploymentPostprocessing = 0;
		};
		B08688DB2D1949A900E41ADA /* Frameworks */ = {
			isa = PBXFrameworksBuildPhase;
			buildActionMask = 2147483647;
			files = (
			);
			runOnlyForDeploymentPostprocessing = 0;
		};
/* End PBXFrameworksBuildPhase section */

/* Begin PBXGroup section */
		B08688BA2D1949A700E41ADA = {
			isa = PBXGroup;
			children = (
				B08688C52D1949A700E41ADA /* MouseTimer2 */,
				B08688D72D1949A900E41ADA /* MouseTimer2Tests */,
				B08688E12D1949A900E41ADA /* MouseTimer2UITests */,
				B08688C42D1949A700E41ADA /* Products */,
			);
			sourceTree = "<group>";
		};
		B08688C42D1949A700E41ADA /* Products */ = {
			isa = PBXGroup;
			children = (
				B08688C32D1949A700E41ADA /* MouseTimer2.app */,
				B08688D42D1949A900E41ADA /* MouseTimer2Tests.xctest */,
				B08688DE2D1949A900E41ADA /* MouseTimer2UITests.xctest */,
			);
			name = Products;
			sourceTree = "<group>";
		};
/* End PBXGroup section */

/* Begin PBXNativeTarget section */
		B08688C22D1949A700E41ADA /* MouseTimer2 */ = {
			isa = PBXNativeTarget;
			buildConfigurationList = B08688E82D1949A900E41ADA /* Build configuration list for PBXNativeTarget "MouseTimer2" */;
			buildPhases = (
				B08688BF2D1949A700E41ADA /* Sources */,
				B08688C02D1949A700E41ADA /* Frameworks */,
				B08688C12D1949A700E41ADA /* Resources */,
			);
			buildRules = (
			);
			dependencies = (
			);
			fileSystemSynchronizedGroups = (
				B08688C52D1949A700E41ADA /* MouseTimer2 */,
			);
			name = MouseTimer2;
			packageProductDependencies = (
			);
			productName = MouseTimer2;
			productReference = B08688C32D1949A700E41ADA /* MouseTimer2.app */;
			productType = "com.apple.product-type.application";
		};
		B08688D32D1949A900E41ADA /* MouseTimer2Tests */ = {
			isa = PBXNativeTarget;
			buildConfigurationList = B08688EB2D1949A900E41ADA /* Build configuration list for PBXNativeTarget "MouseTimer2Tests" */;
			buildPhases = (
				B08688D02D1949A900E41ADA /* Sources */,
				B08688D12D1949A900E41ADA /* Frameworks */,
				B08688D22D1949A900E41ADA /* Resources */,
			);
			buildRules = (
			);
			dependencies = (
				B08688D62D1949A900E41ADA /* PBXTargetDependency */,
			);
			fileSystemSynchronizedGroups = (
				B08688D72D1949A900E41ADA /* MouseTimer2Tests */,
			);
			name = MouseTimer2Tests;
			packageProductDependencies = (
			);
			productName = MouseTimer2Tests;
			productReference = B08688D42D1949A900E41ADA /* MouseTimer2Tests.xctest */;
			productType = "com.apple.product-type.bundle.unit-test";
		};
		B08688DD2D1949A900E41ADA /* MouseTimer2UITests */ = {
			isa = PBXNativeTarget;
			buildConfigurationList = B08688EE2D1949A900E41ADA /* Build configuration list for PBXNativeTarget "MouseTimer2UITests" */;
			buildPhases = (
				B08688DA2D1949A900E41ADA /* Sources */,
				B08688DB2D1949A900E41ADA /* Frameworks */,
				B08688DC2D1949A900E41ADA /* Resources */,
			);
			buildRules = (
			);
			dependencies = (
				B08688E02D1949A900E41ADA /* PBXTargetDependency */,
			);
			fileSystemSynchronizedGroups = (
				B08688E12D1949A900E41ADA /* MouseTimer2UITests */,
			);
			name = MouseTimer2UITests;
			packageProductDependencies = (
			);
			productName = MouseTimer2UITests;
			productReference = B08688DE2D1949A900E41ADA /* MouseTimer2UITests.xctest */;
			productType = "com.apple.product-type.bundle.ui-testing";
		};
/* End PBXNativeTarget section */

/* Begin PBXProject section */
		B08688BB2D1949A700E41ADA /* Project object */ = {
			isa = PBXProject;
			attributes = {
				BuildIndependentTargetsInParallel = 1;
				LastSwiftUpdateCheck = 1620;
				LastUpgradeCheck = 1620;
				TargetAttributes = {
					B08688C22D1949A700E41ADA = {
						CreatedOnToolsVersion = 16.2;
					};
					B08688D32D1949A900E41ADA = {
						CreatedOnToolsVersion = 16.2;
						TestTargetID = B08688C22D1949A700E41ADA;
					};
					B08688DD2D1949A900E41ADA = {
						CreatedOnToolsVersion = 16.2;
						TestTargetID = B08688C22D1949A700E41ADA;
					};
				};
			};
			buildConfigurationList = B08688BE2D1949A700E41ADA /* Build configuration list for PBXProject "MouseTimer2" */;
			developmentRegion = en;
			hasScannedForEncodings = 0;
			knownRegions = (
				en,
				Base,
			);
			mainGroup = B08688BA2D1949A700E41ADA;
			minimizedProjectReferenceProxies = 1;
			preferredProjectObjectVersion = 77;
			productRefGroup = B08688C42D1949A700E41ADA /* Products */;
			projectDirPath = "";
			projectRoot = "";
			targets = (
				B08688C22D1949A700E41ADA /* MouseTimer2 */,
				B08688D32D1949A900E41ADA /* MouseTimer2Tests */,
				B08688DD2D1949A900E41ADA /* MouseTimer2UITests */,
			);
		};
/* End PBXProject section */

/* Begin PBXResourcesBuildPhase section */
		B08688C12D1949A700E41ADA /* Resources */ = {
			isa = PBXResourcesBuildPhase;
			buildActionMask = 2147483647;
			files = (
			);
			runOnlyForDeploymentPostprocessing = 0;
		};
		B08688D22D1949A900E41ADA /* Resources */ = {
			isa = PBXResourcesBuildPhase;
			buildActionMask = 2147483647;
			files = (
			);
			runOnlyForDeploymentPostprocessing = 0;
		};
		B08688DC2D1949A900E41ADA /* Resources */ = {
			isa = PBXResourcesBuildPhase;
			buildActionMask = 2147483647;
			files = (
			);
			runOnlyForDeploymentPostprocessing = 0;
		};
/* End PBXResourcesBuildPhase section */

/* Begin PBXSourcesBuildPhase section */
		B08688BF2D1949A700E41ADA /* Sources */ = {
			isa = PBXSourcesBuildPhase;
			buildActionMask = 2147483647;
			files = (
			);
			runOnlyForDeploymentPostprocessing = 0;
		};
		B08688D02D1949A900E41ADA /* Sources */ = {
			isa = PBXSourcesBuildPhase;
			buildActionMask = 2147483647;
			files = (
			);
			runOnlyForDeploymentPostprocessing = 0;
		};
		B08688DA2D1949A900E41ADA /* Sources */ = {
			isa = PBXSourcesBuildPhase;
			buildActionMask = 2147483647;
			files = (
			);
			runOnlyForDeploymentPostprocessing = 0;
		};
/* End PBXSourcesBuildPhase section */

/* Begin PBXTargetDependency section */
		B08688D62D1949A900E41ADA /* PBXTargetDependency */ = {
			isa = PBXTargetDependency;
			target = B08688C22D1949A700E41ADA /* MouseTimer2 */;
			targetProxy = B08688D52D1949A900E41ADA /* PBXContainerItemProxy */;
		};
		B08688E02D1949A900E41ADA /* PBXTargetDependency */ = {
			isa = PBXTargetDependency;
			target = B08688C22D1949A700E41ADA /* MouseTimer2 */;
			targetProxy = B08688DF2D1949A900E41ADA /* PBXContainerItemProxy */;
		};
/* End PBXTargetDependency section */

/* Begin XCBuildConfiguration section */
		B08688E62D1949A900E41ADA /* Debug */ = {
			isa = XCBuildConfiguration;
			buildSettings = {
				ALWAYS_SEARCH_USER_PATHS = NO;
				ASSETCATALOG_COMPILER_GENERATE_SWIFT_ASSET_SYMBOL_EXTENSIONS = YES;
				CLANG_ANALYZER_NONNULL = YES;
				CLANG_ANALYZER_NUMBER_OBJECT_CONVERSION = YES_AGGRESSIVE;
				CLANG_CXX_LANGUAGE_STANDARD = "gnu++20";
				CLANG_ENABLE_MODULES = YES;
				CLANG_ENABLE_OBJC_ARC = YES;
				CLANG_ENABLE_OBJC_WEAK = YES;
				CLANG_WARN_BLOCK_CAPTURE_AUTORELEASING = YES;
				CLANG_WARN_BOOL_CONVERSION = YES;
				CLANG_WARN_COMMA = YES;
				CLANG_WARN_CONSTANT_CONVERSION = YES;
				CLANG_WARN_DEPRECATED_OBJC_IMPLEMENTATIONS = YES;
				CLANG_WARN_DIRECT_OBJC_ISA_USAGE = YES_ERROR;
				CLANG_WARN_DOCUMENTATION_COMMENTS = YES;
				CLANG_WARN_EMPTY_BODY = YES;
				CLANG_WARN_ENUM_CONVERSION = YES;
				CLANG_WARN_INFINITE_RECURSION = YES;
				CLANG_WARN_INT_CONVERSION = YES;
				CLANG_WARN_NON_LITERAL_NULL_CONVERSION = YES;
				CLANG_WARN_OBJC_IMPLICIT_RETAIN_SELF = YES;
				CLANG_WARN_OBJC_LITERAL_CONVERSION = YES;
				CLANG_WARN_OBJC_ROOT_CLASS = YES_ERROR;
				CLANG_WARN_QUOTED_INCLUDE_IN_FRAMEWORK_HEADER = YES;
				CLANG_WARN_RANGE_LOOP_ANALYSIS = YES;
				CLANG_WARN_STRICT_PROTOTYPES = YES;
				CLANG_WARN_SUSPICIOUS_MOVE = YES;
				CLANG_WARN_UNGUARDED_AVAILABILITY = YES_AGGRESSIVE;
				CLANG_WARN_UNREACHABLE_CODE = YES;
				CLANG_WARN__DUPLICATE_METHOD_MATCH = YES;
				COPY_PHASE_STRIP = NO;
				DEBUG_INFORMATION_FORMAT = dwarf;
				ENABLE_STRICT_OBJC_MSGSEND = YES;
				ENABLE_TESTABILITY = YES;
				ENABLE_USER_SCRIPT_SANDBOXING = YES;
				GCC_C_LANGUAGE_STANDARD = gnu17;
				GCC_DYNAMIC_NO_PIC = NO;
				GCC_NO_COMMON_BLOCKS = YES;
				GCC_OPTIMIZATION_LEVEL = 0;
				GCC_PREPROCESSOR_DEFINITIONS = (
					"DEBUG=1",
					"$(inherited)",
				);
				GCC_WARN_64_TO_32_BIT_CONVERSION = YES;
				GCC_WARN_ABOUT_RETURN_TYPE = YES_ERROR;
				GCC_WARN_UNDECLARED_SELECTOR = YES;
				GCC_WARN_UNINITIALIZED_AUTOS = YES_AGGRESSIVE;
				GCC_WARN_UNUSED_FUNCTION = YES;
				GCC_WARN_UNUSED_VARIABLE = YES;
				LOCALIZATION_PREFERS_STRING_CATALOGS = YES;
				MACOSX_DEPLOYMENT_TARGET = 15.2;
				MTL_ENABLE_DEBUG_INFO = INCLUDE_SOURCE;
				MTL_FAST_MATH = YES;
				ONLY_ACTIVE_ARCH = YES;
				SDKROOT = macosx;
				SWIFT_ACTIVE_COMPILATION_CONDITIONS = "DEBUG $(inherited)";
				SWIFT_OPTIMIZATION_LEVEL = "-Onone";
			};
			name = Debug;
		};
		B08688E72D1949A900E41ADA /* Release */ = {
			isa = XCBuildConfiguration;
			buildSettings = {
				ALWAYS_SEARCH_USER_PATHS = NO;
				ASSETCATALOG_COMPILER_GENERATE_SWIFT_ASSET_SYMBOL_EXTENSIONS = YES;
				CLANG_ANALYZER_NONNULL = YES;
				CLANG_ANALYZER_NUMBER_OBJECT_CONVERSION = YES_AGGRESSIVE;
				CLANG_CXX_LANGUAGE_STANDARD = "gnu++20";
				CLANG_ENABLE_MODULES = YES;
				CLANG_ENABLE_OBJC_ARC = YES;
				CLANG_ENABLE_OBJC_WEAK = YES;
				CLANG_WARN_BLOCK_CAPTURE_AUTORELEASING = YES;
				CLANG_WARN_BOOL_CONVERSION = YES;
				CLANG_WARN_COMMA = YES;
				CLANG_WARN_CONSTANT_CONVERSION = YES;
				CLANG_WARN_DEPRECATED_OBJC_IMPLEMENTATIONS = YES;
				CLANG_WARN_DIRECT_OBJC_ISA_USAGE = YES_ERROR;
				CLANG_WARN_DOCUMENTATION_COMMENTS = YES;
				CLANG_WARN_EMPTY_BODY = YES;
				CLANG_WARN_ENUM_CONVERSION = YES;
				CLANG_WARN_INFINITE_RECURSION = YES;
				CLANG_WARN_INT_CONVERSION = YES;
				CLANG_WARN_NON_LITERAL_NULL_CONVERSION = YES;
				CLANG_WARN_OBJC_IMPLICIT_RETAIN_SELF = YES;
				CLANG_WARN_OBJC_LITERAL_CONVERSION = YES;
				CLANG_WARN_OBJC_ROOT_CLASS = YES_ERROR;
				CLANG_WARN_QUOTED_INCLUDE_IN_FRAMEWORK_HEADER = YES;
				CLANG_WARN_RANGE_LOOP_ANALYSIS = YES;
				CLANG_WARN_STRICT_PROTOTYPES = YES;
				CLANG_WARN_SUSPICIOUS_MOVE = YES;
				CLANG_WARN_UNGUARDED_AVAILABILITY = YES_AGGRESSIVE;
				CLANG_WARN_UNREACHABLE_CODE = YES;
				CLANG_WARN__DUPLICATE_METHOD_MATCH = YES;
				COPY_PHASE_STRIP = NO;
				DEBUG_INFORMATION_FORMAT = "dwarf-with-dsym";
				ENABLE_NS_ASSERTIONS = NO;
				ENABLE_STRICT_OBJC_MSGSEND = YES;
				ENABLE_USER_SCRIPT_SANDBOXING = YES;
				GCC_C_LANGUAGE_STANDARD = gnu17;
				GCC_NO_COMMON_BLOCKS = YES;
				GCC_WARN_64_TO_32_BIT_CONVERSION = YES;
				GCC_WARN_ABOUT_RETURN_TYPE = YES_ERROR;
				GCC_WARN_UNDECLARED_SELECTOR = YES;
				GCC_WARN_UNINITIALIZED_AUTOS = YES_AGGRESSIVE;
				GCC_WARN_UNUSED_FUNCTION = YES;
				GCC_WARN_UNUSED_VARIABLE = YES;
				LOCALIZATION_PREFERS_STRING_CATALOGS = YES;
				MACOSX_DEPLOYMENT_TARGET = 15.2;
				MTL_ENABLE_DEBUG_INFO = NO;
				MTL_FAST_MATH = YES;
				SDKROOT = macosx;
				SWIFT_COMPILATION_MODE = wholemodule;
			};
			name = Release;
		};
		B08688E92D1949A900E41ADA /* Debug */ = {
			isa = XCBuildConfiguration;
			buildSettings = {
				ASSETCATALOG_COMPILER_APPICON_NAME = AppIcon;
				ASSETCATALOG_COMPILER_GLOBAL_ACCENT_COLOR_NAME = AccentColor;
				CODE_SIGN_ENTITLEMENTS = MouseTimer2/MouseTimer2.entitlements;
				CODE_SIGN_STYLE = Automatic;
				COMBINE_HIDPI_IMAGES = YES;
				CURRENT_PROJECT_VERSION = 1;
				DEVELOPMENT_ASSET_PATHS = "\"MouseTimer2/Preview Content\"";
				ENABLE_PREVIEWS = YES;
				GENERATE_INFOPLIST_FILE = YES;
				INFOPLIST_KEY_NSHumanReadableCopyright = "";
				LD_RUNPATH_SEARCH_PATHS = (
					"$(inherited)",
					"@executable_path/../Frameworks",
				);
				MARKETING_VERSION = 1.0;
				PRODUCT_BUNDLE_IDENTIFIER = veekay.MouseTimer2;
				PRODUCT_NAME = "$(TARGET_NAME)";
				SWIFT_EMIT_LOC_STRINGS = YES;
				SWIFT_VERSION = 5.0;
			};
			name = Debug;
		};
		B08688EA2D1949A900E41ADA /* Release */ = {
			isa = XCBuildConfiguration;
			buildSettings = {
				ASSETCATALOG_COMPILER_APPICON_NAME = AppIcon;
				ASSETCATALOG_COMPILER_GLOBAL_ACCENT_COLOR_NAME = AccentColor;
				CODE_SIGN_ENTITLEMENTS = MouseTimer2/MouseTimer2.entitlements;
				CODE_SIGN_STYLE = Automatic;
				COMBINE_HIDPI_IMAGES = YES;
				CURRENT_PROJECT_VERSION = 1;
				DEVELOPMENT_ASSET_PATHS = "\"MouseTimer2/Preview Content\"";
				ENABLE_PREVIEWS = YES;
				GENERATE_INFOPLIST_FILE = YES;
				INFOPLIST_KEY_NSHumanReadableCopyright = "";
				LD_RUNPATH_SEARCH_PATHS = (
					"$(inherited)",
					"@executable_path/../Frameworks",
				);
				MARKETING_VERSION = 1.0;
				PRODUCT_BUNDLE_IDENTIFIER = veekay.MouseTimer2;
				PRODUCT_NAME = "$(TARGET_NAME)";
				SWIFT_EMIT_LOC_STRINGS = YES;
				SWIFT_VERSION = 5.0;
			};
			name = Release;
		};
		B08688EC2D1949A900E41ADA /* Debug */ = {
			isa = XCBuildConfiguration;
			buildSettings = {
				BUNDLE_LOADER = "$(TEST_HOST)";
				CODE_SIGN_STYLE = Automatic;
				CURRENT_PROJECT_VERSION = 1;
				GENERATE_INFOPLIST_FILE = YES;
				MACOSX_DEPLOYMENT_TARGET = 15.2;
				MARKETING_VERSION = 1.0;
				PRODUCT_BUNDLE_IDENTIFIER = veekay.MouseTimer2Tests;
				PRODUCT_NAME = "$(TARGET_NAME)";
				SWIFT_EMIT_LOC_STRINGS = NO;
				SWIFT_VERSION = 5.0;
				TEST_HOST = "$(BUILT_PRODUCTS_DIR)/MouseTimer2.app/$(BUNDLE_EXECUTABLE_FOLDER_PATH)/MouseTimer2";
			};
			name = Debug;
		};
		B08688ED2D1949A900E41ADA /* Release */ = {
			isa = XCBuildConfiguration;
			buildSettings = {
				BUNDLE_LOADER = "$(TEST_HOST)";
				CODE_SIGN_STYLE = Automatic;
				CURRENT_PROJECT_VERSION = 1;
				GENERATE_INFOPLIST_FILE = YES;
				MACOSX_DEPLOYMENT_TARGET = 15.2;
				MARKETING_VERSION = 1.0;
				PRODUCT_BUNDLE_IDENTIFIER = veekay.MouseTimer2Tests;
				PRODUCT_NAME = "$(TARGET_NAME)";
				SWIFT_EMIT_LOC_STRINGS = NO;
				SWIFT_VERSION = 5.0;
				TEST_HOST = "$(BUILT_PRODUCTS_DIR)/MouseTimer2.app/$(BUNDLE_EXECUTABLE_FOLDER_PATH)/MouseTimer2";
			};
			name = Release;
		};
		B08688EF2D1949A900E41ADA /* Debug */ = {
			isa = XCBuildConfiguration;
			buildSettings = {
				CODE_SIGN_STYLE = Automatic;
				CURRENT_PROJECT_VERSION = 1;
				GENERATE_INFOPLIST_FILE = YES;
				MARKETING_VERSION = 1.0;
				PRODUCT_BUNDLE_IDENTIFIER = veekay.MouseTimer2UITests;
				PRODUCT_NAME = "$(TARGET_NAME)";
				SWIFT_EMIT_LOC_STRINGS = NO;
				SWIFT_VERSION = 5.0;
				TEST_TARGET_NAME = MouseTimer2;
			};
			name = Debug;
		};
		B08688F02D1949A900E41ADA /* Release */ = {
			isa = XCBuildConfiguration;
			buildSettings = {
				CODE_SIGN_STYLE = Automatic;
				CURRENT_PROJECT_VERSION = 1;
				GENERATE_INFOPLIST_FILE = YES;
				MARKETING_VERSION = 1.0;
				PRODUCT_BUNDLE_IDENTIFIER = veekay.MouseTimer2UITests;
				PRODUCT_NAME = "$(TARGET_NAME)";
				SWIFT_EMIT_LOC_STRINGS = NO;
				SWIFT_VERSION = 5.0;
				TEST_TARGET_NAME = MouseTimer2;
			};
			name = Release;
		};
/* End XCBuildConfiguration section */

/* Begin XCConfigurationList section */
		B08688BE2D1949A700E41ADA /* Build configuration list for PBXProject "MouseTimer2" */ = {
			isa = XCConfigurationList;
			buildConfigurations = (
				B08688E62D1949A900E41ADA /* Debug */,
				B08688E72D1949A900E41ADA /* Release */,
			);
			defaultConfigurationIsVisible = 0;
			defaultConfigurationName = Release;
		};
		B08688E82D1949A900E41ADA /* Build configuration list for PBXNativeTarget "MouseTimer2" */ = {
			isa = XCConfigurationList;
			buildConfigurations = (
				B08688E92D1949A900E41ADA /* Debug */,
				B08688EA2D1949A900E41ADA /* Release */,
			);
			defaultConfigurationIsVisible = 0;
			defaultConfigurationName = Release;
		};
		B08688EB2D1949A900E41ADA /* Build configuration list for PBXNativeTarget "MouseTimer2Tests" */ = {
			isa = XCConfigurationList;
			buildConfigurations = (
				B08688EC2D1949A900E41ADA /* Debug */,
				B08688ED2D1949A900E41ADA /* Release */,
			);
			defaultConfigurationIsVisible = 0;
			defaultConfigurationName = Release;
		};
		B08688EE2D1949A900E41ADA /* Build configuration list for PBXNativeTarget "MouseTimer2UITests" */ = {
			isa = XCConfigurationList;
			buildConfigurations = (
				B08688EF2D1949A900E41ADA /* Debug */,
				B08688F02D1949A900E41ADA /* Release */,
			);
			defaultConfigurationIsVisible = 0;
			defaultConfigurationName = Release;
		};
/* End XCConfigurationList section */
	};
	rootObject = B08688BB2D1949A700E41ADA /* Project object */;
}
